{
  "name": "@komed3/coincollect",
  "version": "0.2.0-alpha",
  "lockfileVersion": 3,
  "requires": true,
  "packages": {
    "": {
      "name": "@komed3/coincollect",
      "version": "0.2.0-alpha",
      "license": "MIT",
      "devDependencies": {},
      "engines": {
        "node": ">=18.0.0"
      }
    }
  }
}
